
Microsoft Visual Studio Solution File, Format Version 12.00
# Visual Studio 2013
VisualStudioVersion = 12.0.31101.0
MinimumVisualStudioVersion = 10.0.40219.1
Project("{FAE04EC0-301F-11D3-BF4B-00C04F79EFBC}") = "MessageSystem", "MessageServer\MessageSystem.csproj", "{207F349A-2659-4CA1-BE21-82F370BB8358}"
EndProject
Project("{FAE04EC0-301F-11D3-BF4B-00C04F79EFBC}") = "agsXMPP2010", "lib\agsXmpp\agsXMPP2010.csproj", "{91EA0D0B-D3BA-497F-AFEB-2CAD59DEBA0E}"
EndProject
Project("{2150E333-8FDC-42A3-9474-1A3956D46DE8}") = "Lib", "Lib", "{49126830-5A85-4E5C-9322-D832A1FFE4B1}"
EndProject
Project("{2150E333-8FDC-42A3-9474-1A3956D46DE8}") = "Server", "Server", "{5F5A0C9A-BC62-4995-BF51-1D90BA523530}"
EndProject
Project("{2150E333-8FDC-42A3-9474-1A3956D46DE8}") = "Client", "Client", "{DA941410-E29D-472B-AB4D-D31B97AE7CE4}"
EndProject
Project("{FAE04EC0-301F-11D3-BF4B-00C04F79EFBC}") = "XmppClientCli", "XmppClientCli\XmppClientCli.csproj", "{C4E5038D-F0A0-479C-B67D-A9B009222F67}"
EndProject
Project("{FAE04EC0-301F-11D3-BF4B-00C04F79EFBC}") = "XmppClient", "XmppClient\XmppClient.csproj", "{B7F9B983-081A-4008-8B1B-679EF01108B5}"
EndProject
Project("{FAE04EC0-301F-11D3-BF4B-00C04F79EFBC}") = "Samples", "Samples\Samples.csproj", "{0A464AE1-9273-44FA-94E3-DB12EEFC98A4}"
EndProject
Project("{FAE04EC0-301F-11D3-BF4B-00C04F79EFBC}") = "performance", "performance\performance.csproj", "{AB62C5F4-129E-483A-A194-5C3C67E859AD}"
EndProject
Project("{FAE04EC0-301F-11D3-BF4B-00C04F79EFBC}") = "MessageManager", "MessageManager\MessageManager.csproj", "{0AF92235-54B0-46B0-9F7C-E753DAA58A38}"
EndProject
Project("{FAE04EC0-301F-11D3-BF4B-00C04F79EFBC}") = "myDotNetLib", "lib\myDotNetLib\myDotNetLib.csproj", "{7A04DA80-47C9-419C-800C-980B45E955CD}"
EndProject
Global
	GlobalSection(SolutionConfigurationPlatforms) = preSolution
		Debug|Any CPU = Debug|Any CPU
		Release|Any CPU = Release|Any CPU
	EndGlobalSection
	GlobalSection(ProjectConfigurationPlatforms) = postSolution
		{207F349A-2659-4CA1-BE21-82F370BB8358}.Debug|Any CPU.ActiveCfg = Debug|Any CPU
		{207F349A-2659-4CA1-BE21-82F370BB8358}.Debug|Any CPU.Build.0 = Debug|Any CPU
		{207F349A-2659-4CA1-BE21-82F370BB8358}.Release|Any CPU.ActiveCfg = Release|Any CPU
		{207F349A-2659-4CA1-BE21-82F370BB8358}.Release|Any CPU.Build.0 = Release|Any CPU
		{91EA0D0B-D3BA-497F-AFEB-2CAD59DEBA0E}.Debug|Any CPU.ActiveCfg = Debug|Any CPU
		{91EA0D0B-D3BA-497F-AFEB-2CAD59DEBA0E}.Debug|Any CPU.Build.0 = Debug|Any CPU
		{91EA0D0B-D3BA-497F-AFEB-2CAD59DEBA0E}.Release|Any CPU.ActiveCfg = Release|Any CPU
		{91EA0D0B-D3BA-497F-AFEB-2CAD59DEBA0E}.Release|Any CPU.Build.0 = Release|Any CPU
		{C4E5038D-F0A0-479C-B67D-A9B009222F67}.Debug|Any CPU.ActiveCfg = Debug|Any CPU
		{C4E5038D-F0A0-479C-B67D-A9B009222F67}.Debug|Any CPU.Build.0 = Debug|Any CPU
		{C4E5038D-F0A0-479C-B67D-A9B009222F67}.Release|Any CPU.ActiveCfg = Release|Any CPU
		{C4E5038D-F0A0-479C-B67D-A9B009222F67}.Release|Any CPU.Build.0 = Release|Any CPU
		{B7F9B983-081A-4008-8B1B-679EF01108B5}.Debug|Any CPU.ActiveCfg = Debug|Any CPU
		{B7F9B983-081A-4008-8B1B-679EF01108B5}.Debug|Any CPU.Build.0 = Debug|Any CPU
		{B7F9B983-081A-4008-8B1B-679EF01108B5}.Release|Any CPU.ActiveCfg = Release|Any CPU
		{B7F9B983-081A-4008-8B1B-679EF01108B5}.Release|Any CPU.Build.0 = Release|Any CPU
		{0A464AE1-9273-44FA-94E3-DB12EEFC98A4}.Debug|Any CPU.ActiveCfg = Debug|Any CPU
		{0A464AE1-9273-44FA-94E3-DB12EEFC98A4}.Debug|Any CPU.Build.0 = Debug|Any CPU
		{0A464AE1-9273-44FA-94E3-DB12EEFC98A4}.Release|Any CPU.ActiveCfg = Release|Any CPU
		{0A464AE1-9273-44FA-94E3-DB12EEFC98A4}.Release|Any CPU.Build.0 = Release|Any CPU
		{AB62C5F4-129E-483A-A194-5C3C67E859AD}.Debug|Any CPU.ActiveCfg = Debug|Any CPU
		{AB62C5F4-129E-483A-A194-5C3C67E859AD}.Debug|Any CPU.Build.0 = Debug|Any CPU
		{AB62C5F4-129E-483A-A194-5C3C67E859AD}.Release|Any CPU.ActiveCfg = Release|Any CPU
		{AB62C5F4-129E-483A-A194-5C3C67E859AD}.Release|Any CPU.Build.0 = Release|Any CPU
		{0AF92235-54B0-46B0-9F7C-E753DAA58A38}.Debug|Any CPU.ActiveCfg = Debug|Any CPU
		{0AF92235-54B0-46B0-9F7C-E753DAA58A38}.Debug|Any CPU.Build.0 = Debug|Any CPU
		{0AF92235-54B0-46B0-9F7C-E753DAA58A38}.Release|Any CPU.ActiveCfg = Release|Any CPU
		{0AF92235-54B0-46B0-9F7C-E753DAA58A38}.Release|Any CPU.Build.0 = Release|Any CPU
		{7A04DA80-47C9-419C-800C-980B45E955CD}.Debug|Any CPU.ActiveCfg = Debug|Any CPU
		{7A04DA80-47C9-419C-800C-980B45E955CD}.Debug|Any CPU.Build.0 = Debug|Any CPU
		{7A04DA80-47C9-419C-800C-980B45E955CD}.Release|Any CPU.ActiveCfg = Release|Any CPU
		{7A04DA80-47C9-419C-800C-980B45E955CD}.Release|Any CPU.Build.0 = Release|Any CPU
	EndGlobalSection
	GlobalSection(SolutionProperties) = preSolution
		HideSolutionNode = FALSE
	EndGlobalSection
	GlobalSection(NestedProjects) = preSolution
		{207F349A-2659-4CA1-BE21-82F370BB8358} = {5F5A0C9A-BC62-4995-BF51-1D90BA523530}
		{91EA0D0B-D3BA-497F-AFEB-2CAD59DEBA0E} = {49126830-5A85-4E5C-9322-D832A1FFE4B1}
		{C4E5038D-F0A0-479C-B67D-A9B009222F67} = {DA941410-E29D-472B-AB4D-D31B97AE7CE4}
		{B7F9B983-081A-4008-8B1B-679EF01108B5} = {DA941410-E29D-472B-AB4D-D31B97AE7CE4}
		{0A464AE1-9273-44FA-94E3-DB12EEFC98A4} = {DA941410-E29D-472B-AB4D-D31B97AE7CE4}
		{AB62C5F4-129E-483A-A194-5C3C67E859AD} = {DA941410-E29D-472B-AB4D-D31B97AE7CE4}
		{0AF92235-54B0-46B0-9F7C-E753DAA58A38} = {DA941410-E29D-472B-AB4D-D31B97AE7CE4}
		{7A04DA80-47C9-419C-800C-980B45E955CD} = {49126830-5A85-4E5C-9322-D832A1FFE4B1}
	EndGlobalSection
EndGlobal
