
Microsoft Visual Studio Solution File, Format Version 12.00
# Visual Studio 14
VisualStudioVersion = 14.0.23107.0
MinimumVisualStudioVersion = 10.0.40219.1
Project("{FAE04EC0-301F-11D3-BF4B-00C04F79EFBC}") = "MessageSystem", "MessageServer\MessageSystem.csproj", "{207F349A-2659-4CA1-BE21-82F370BB8358}"
EndProject
Project("{2150E333-8FDC-42A3-9474-1A3956D46DE8}") = "Lib", "Lib", "{49126830-5A85-4E5C-9322-D832A1FFE4B1}"
EndProject
Project("{2150E333-8FDC-42A3-9474-1A3956D46DE8}") = "Server", "Server", "{5F5A0C9A-BC62-4995-BF51-1D90BA523530}"
EndProject
Project("{2150E333-8FDC-42A3-9474-1A3956D46DE8}") = "Client", "Client", "{DA941410-E29D-472B-AB4D-D31B97AE7CE4}"
EndProject
Project("{FAE04EC0-301F-11D3-BF4B-00C04F79EFBC}") = "XmppClientCli", "XmppClientCli\XmppClientCli.csproj", "{C4E5038D-F0A0-479C-B67D-A9B009222F67}"
EndProject
Project("{FAE04EC0-301F-11D3-BF4B-00C04F79EFBC}") = "XmppClientWithUI", "XmppClient\XmppClientWithUI.csproj", "{B7F9B983-081A-4008-8B1B-679EF01108B5}"
EndProject
Project("{FAE04EC0-301F-11D3-BF4B-00C04F79EFBC}") = "MessageManager.Sample", "Samples\MessageManager.Sample.csproj", "{0A464AE1-9273-44FA-94E3-DB12EEFC98A4}"
EndProject
Project("{FAE04EC0-301F-11D3-BF4B-00C04F79EFBC}") = "performance", "performance\performance.csproj", "{AB62C5F4-129E-483A-A194-5C3C67E859AD}"
EndProject
Project("{FAE04EC0-301F-11D3-BF4B-00C04F79EFBC}") = "MessageManager", "MessageManager\MessageManager.csproj", "{0AF92235-54B0-46B0-9F7C-E753DAA58A38}"
EndProject
Project("{FAE04EC0-301F-11D3-BF4B-00C04F79EFBC}") = "myDotNetLib", "lib\myDotNetLib\myDotNetLib.csproj", "{7A04DA80-47C9-419C-800C-980B45E955CD}"
EndProject
Project("{FAE04EC0-301F-11D3-BF4B-00C04F79EFBC}") = "agsXMPP2010", "lib\agsXmpp\agsXMPP2010.csproj", "{91EA0D0B-D3BA-497F-AFEB-2CAD59DEBA0E}"
EndProject
Project("{2150E333-8FDC-42A3-9474-1A3956D46DE8}") = "TestApp", "TestApp", "{6ADFA51F-15B7-45C0-A374-4145DB44675A}"
EndProject
Project("{FAE04EC0-301F-11D3-BF4B-00C04F79EFBC}") = "DbOpTest", "TestApp\DbOpTest\DbOpTest.csproj", "{6EF53D8B-663D-4E86-93E5-3F3194CEAFF1}"
EndProject
Project("{2150E333-8FDC-42A3-9474-1A3956D46DE8}") = "ServerPerformance", "ServerPerformance", "{14AE0428-BA74-439D-88AC-37436A10E56F}"
EndProject
Project("{2150E333-8FDC-42A3-9474-1A3956D46DE8}") = "SuperSocket", "SuperSocket", "{303FC481-1169-40D0-B328-F66B130E2AEB}"
EndProject
Project("{FAE04EC0-301F-11D3-BF4B-00C04F79EFBC}") = "SuperSocket.SocketService.Net45", "lib\SuperSocket\SocketService\SuperSocket.SocketService.Net45.csproj", "{B9113694-7226-4152-938D-3172B11571A1}"
EndProject
Project("{FAE04EC0-301F-11D3-BF4B-00C04F79EFBC}") = "SuperSocket.Common.Net45", "lib\SuperSocket\Common\SuperSocket.Common.Net45.csproj", "{A24F4D38-BA9C-4FD6-95B7-4980DE36131A}"
EndProject
Project("{FAE04EC0-301F-11D3-BF4B-00C04F79EFBC}") = "SuperSocket.Test.Net45", "lib\SuperSocket\Test\SuperSocket.Test.Net45.csproj", "{BDBB6CE9-C3CE-49C1-A05E-2D7628430A02}"
EndProject
Project("{FAE04EC0-301F-11D3-BF4B-00C04F79EFBC}") = "SuperSocket.SocketBase.Net45", "lib\SuperSocket\SocketBase\SuperSocket.SocketBase.Net45.csproj", "{40B77789-EA11-4C05-8F52-86711D7BCAAF}"
EndProject
Project("{FAE04EC0-301F-11D3-BF4B-00C04F79EFBC}") = "SuperSocket.SocketEngine.Net45", "lib\SuperSocket\SocketEngine\SuperSocket.SocketEngine.Net45.csproj", "{153FEF72-191C-43D9-BE71-2B351C7AC760}"
EndProject
Project("{2150E333-8FDC-42A3-9474-1A3956D46DE8}") = "Solution Items", "Solution Items", "{BEAF6CBD-16DD-456B-A889-421E0DFAB783}"
	ProjectSection(SolutionItems) = preProject
		lib\SuperSocket\Solution Items\GlobalAssemblyInfo.cs = lib\SuperSocket\Solution Items\GlobalAssemblyInfo.cs
		lib\SuperSocket\Solution Items\log4net.config = lib\SuperSocket\Solution Items\log4net.config
		lib\SuperSocket\Solution Items\log4net.unix.config = lib\SuperSocket\Solution Items\log4net.unix.config
	EndProjectSection
EndProject
Project("{2150E333-8FDC-42A3-9474-1A3956D46DE8}") = "Net35", "Net35", "{FC181BA8-9DE5-444C-899F-9C554BC65629}"
	ProjectSection(SolutionItems) = preProject
		lib\SuperSocket\Solution Items\Net35\App.config = lib\SuperSocket\Solution Items\Net35\App.config
	EndProjectSection
EndProject
Project("{2150E333-8FDC-42A3-9474-1A3956D46DE8}") = "Net40", "Net40", "{ACCCC9EB-6386-44DC-8147-D69751FC6D93}"
	ProjectSection(SolutionItems) = preProject
		lib\SuperSocket\Solution Items\Net40\App.config = lib\SuperSocket\Solution Items\Net40\App.config
	EndProjectSection
EndProject
Project("{FAE04EC0-301F-11D3-BF4B-00C04F79EFBC}") = "SuperSocket.Facility.Net45", "lib\SuperSocket\Facility\SuperSocket.Facility.Net45.csproj", "{01987BAC-C498-44DD-B274-62EA2506B51D}"
EndProject
Project("{FAE04EC0-301F-11D3-BF4B-00C04F79EFBC}") = "SuperSocket.Dlr.Net45", "lib\SuperSocket\Dlr\SuperSocket.Dlr.Net45.csproj", "{55BAA051-CE62-4D4A-81B6-68B042CC78E9}"
EndProject
Project("{FAE04EC0-301F-11D3-BF4B-00C04F79EFBC}") = "SuperSocket.Agent.Net45", "lib\SuperSocket\Agent\SuperSocket.Agent.Net45.csproj", "{49BA8E71-4F97-40D6-BBE7-22B71D222486}"
EndProject
Project("{FAE04EC0-301F-11D3-BF4B-00C04F79EFBC}") = "SuperSocket.ProtoBase.Net45", "lib\SuperSocket\ProtoBase\SuperSocket.ProtoBase.Net45.csproj", "{88C9312E-7520-4F6B-BF25-30DA5990D270}"
EndProject
Project("{2150E333-8FDC-42A3-9474-1A3956D46DE8}") = "SuperSucketClientEngine", "SuperSucketClientEngine", "{4B8818A1-C609-4045-9352-21B1C2599972}"
EndProject
Project("{FAE04EC0-301F-11D3-BF4B-00C04F79EFBC}") = "Core.Net45", "lib\SupersocketClientEngine\Core\Core.Net45.csproj", "{1BC7E184-8225-425A-900E-9FEA38865E20}"
EndProject
Project("{FAE04EC0-301F-11D3-BF4B-00C04F79EFBC}") = "Protocol.Net45", "lib\SupersocketClientEngine\Protocol\Protocol.Net45.csproj", "{D9A94B6C-7A16-4472-916C-AF2CD1B1F226}"
EndProject
Project("{FAE04EC0-301F-11D3-BF4B-00C04F79EFBC}") = "Proxy.Net45", "lib\SupersocketClientEngine\Proxy\Proxy.Net45.csproj", "{00BD38B0-9D33-4E65-9B86-01576FD8B778}"
EndProject
Project("{FAE04EC0-301F-11D3-BF4B-00C04F79EFBC}") = "Common.Net45", "lib\SupersocketClientEngine\Common\Common.Net45.csproj", "{87FA4C97-A768-463B-B1D1-317A07C5FACE}"
EndProject
Project("{FAE04EC0-301F-11D3-BF4B-00C04F79EFBC}") = "SilverlightMessageSample", "SilverlightMessageSample\SilverlightMessageSample.csproj", "{D3EE24A1-3C35-40A5-BF85-614F6B6F1766}"
EndProject
Project("{FAE04EC0-301F-11D3-BF4B-00C04F79EFBC}") = "SilverlightMessageSample.Web", "SilverlightMessageSample.Web\SilverlightMessageSample.Web.csproj", "{E4279FD8-4557-498F-B869-4EABBA8D3BE0}"
EndProject
Project("{FAE04EC0-301F-11D3-BF4B-00C04F79EFBC}") = "SilverlightMessageClient", "SilverlightMessageClient\SilverlightMessageClient.csproj", "{17D4C54B-7361-4A8E-B5E2-4B735EFDFB01}"
EndProject
Global
	GlobalSection(SolutionConfigurationPlatforms) = preSolution
		Debug|Any CPU = Debug|Any CPU
		Release|Any CPU = Release|Any CPU
		Test|Any CPU = Test|Any CPU
	EndGlobalSection
	GlobalSection(ProjectConfigurationPlatforms) = postSolution
		{207F349A-2659-4CA1-BE21-82F370BB8358}.Debug|Any CPU.ActiveCfg = Debug|Any CPU
		{207F349A-2659-4CA1-BE21-82F370BB8358}.Debug|Any CPU.Build.0 = Debug|Any CPU
		{207F349A-2659-4CA1-BE21-82F370BB8358}.Release|Any CPU.ActiveCfg = Release|Any CPU
		{207F349A-2659-4CA1-BE21-82F370BB8358}.Release|Any CPU.Build.0 = Release|Any CPU
		{207F349A-2659-4CA1-BE21-82F370BB8358}.Test|Any CPU.ActiveCfg = Release|Any CPU
		{207F349A-2659-4CA1-BE21-82F370BB8358}.Test|Any CPU.Build.0 = Release|Any CPU
		{C4E5038D-F0A0-479C-B67D-A9B009222F67}.Debug|Any CPU.ActiveCfg = Debug|Any CPU
		{C4E5038D-F0A0-479C-B67D-A9B009222F67}.Debug|Any CPU.Build.0 = Debug|Any CPU
		{C4E5038D-F0A0-479C-B67D-A9B009222F67}.Release|Any CPU.ActiveCfg = Release|Any CPU
		{C4E5038D-F0A0-479C-B67D-A9B009222F67}.Release|Any CPU.Build.0 = Release|Any CPU
		{C4E5038D-F0A0-479C-B67D-A9B009222F67}.Test|Any CPU.ActiveCfg = Release|Any CPU
		{C4E5038D-F0A0-479C-B67D-A9B009222F67}.Test|Any CPU.Build.0 = Release|Any CPU
		{B7F9B983-081A-4008-8B1B-679EF01108B5}.Debug|Any CPU.ActiveCfg = Debug|Any CPU
		{B7F9B983-081A-4008-8B1B-679EF01108B5}.Debug|Any CPU.Build.0 = Debug|Any CPU
		{B7F9B983-081A-4008-8B1B-679EF01108B5}.Release|Any CPU.ActiveCfg = Release|Any CPU
		{B7F9B983-081A-4008-8B1B-679EF01108B5}.Release|Any CPU.Build.0 = Release|Any CPU
		{B7F9B983-081A-4008-8B1B-679EF01108B5}.Test|Any CPU.ActiveCfg = Release|Any CPU
		{B7F9B983-081A-4008-8B1B-679EF01108B5}.Test|Any CPU.Build.0 = Release|Any CPU
		{0A464AE1-9273-44FA-94E3-DB12EEFC98A4}.Debug|Any CPU.ActiveCfg = Debug|Any CPU
		{0A464AE1-9273-44FA-94E3-DB12EEFC98A4}.Debug|Any CPU.Build.0 = Debug|Any CPU
		{0A464AE1-9273-44FA-94E3-DB12EEFC98A4}.Release|Any CPU.ActiveCfg = Release|Any CPU
		{0A464AE1-9273-44FA-94E3-DB12EEFC98A4}.Release|Any CPU.Build.0 = Release|Any CPU
		{0A464AE1-9273-44FA-94E3-DB12EEFC98A4}.Test|Any CPU.ActiveCfg = Release|Any CPU
		{0A464AE1-9273-44FA-94E3-DB12EEFC98A4}.Test|Any CPU.Build.0 = Release|Any CPU
		{AB62C5F4-129E-483A-A194-5C3C67E859AD}.Debug|Any CPU.ActiveCfg = Debug|Any CPU
		{AB62C5F4-129E-483A-A194-5C3C67E859AD}.Debug|Any CPU.Build.0 = Debug|Any CPU
		{AB62C5F4-129E-483A-A194-5C3C67E859AD}.Release|Any CPU.ActiveCfg = Release|Any CPU
		{AB62C5F4-129E-483A-A194-5C3C67E859AD}.Release|Any CPU.Build.0 = Release|Any CPU
		{AB62C5F4-129E-483A-A194-5C3C67E859AD}.Test|Any CPU.ActiveCfg = Release|Any CPU
		{AB62C5F4-129E-483A-A194-5C3C67E859AD}.Test|Any CPU.Build.0 = Release|Any CPU
		{0AF92235-54B0-46B0-9F7C-E753DAA58A38}.Debug|Any CPU.ActiveCfg = Debug|Any CPU
		{0AF92235-54B0-46B0-9F7C-E753DAA58A38}.Debug|Any CPU.Build.0 = Debug|Any CPU
		{0AF92235-54B0-46B0-9F7C-E753DAA58A38}.Release|Any CPU.ActiveCfg = Release|Any CPU
		{0AF92235-54B0-46B0-9F7C-E753DAA58A38}.Release|Any CPU.Build.0 = Release|Any CPU
		{0AF92235-54B0-46B0-9F7C-E753DAA58A38}.Test|Any CPU.ActiveCfg = Release|Any CPU
		{0AF92235-54B0-46B0-9F7C-E753DAA58A38}.Test|Any CPU.Build.0 = Release|Any CPU
		{7A04DA80-47C9-419C-800C-980B45E955CD}.Debug|Any CPU.ActiveCfg = Debug|Any CPU
		{7A04DA80-47C9-419C-800C-980B45E955CD}.Debug|Any CPU.Build.0 = Debug|Any CPU
		{7A04DA80-47C9-419C-800C-980B45E955CD}.Release|Any CPU.ActiveCfg = Release|Any CPU
		{7A04DA80-47C9-419C-800C-980B45E955CD}.Release|Any CPU.Build.0 = Release|Any CPU
		{7A04DA80-47C9-419C-800C-980B45E955CD}.Test|Any CPU.ActiveCfg = Release|Any CPU
		{7A04DA80-47C9-419C-800C-980B45E955CD}.Test|Any CPU.Build.0 = Release|Any CPU
		{91EA0D0B-D3BA-497F-AFEB-2CAD59DEBA0E}.Debug|Any CPU.ActiveCfg = Debug|Any CPU
		{91EA0D0B-D3BA-497F-AFEB-2CAD59DEBA0E}.Debug|Any CPU.Build.0 = Debug|Any CPU
		{91EA0D0B-D3BA-497F-AFEB-2CAD59DEBA0E}.Release|Any CPU.ActiveCfg = Release|Any CPU
		{91EA0D0B-D3BA-497F-AFEB-2CAD59DEBA0E}.Release|Any CPU.Build.0 = Release|Any CPU
		{91EA0D0B-D3BA-497F-AFEB-2CAD59DEBA0E}.Test|Any CPU.ActiveCfg = Release|Any CPU
		{91EA0D0B-D3BA-497F-AFEB-2CAD59DEBA0E}.Test|Any CPU.Build.0 = Release|Any CPU
		{6EF53D8B-663D-4E86-93E5-3F3194CEAFF1}.Debug|Any CPU.ActiveCfg = Debug|Any CPU
		{6EF53D8B-663D-4E86-93E5-3F3194CEAFF1}.Debug|Any CPU.Build.0 = Debug|Any CPU
		{6EF53D8B-663D-4E86-93E5-3F3194CEAFF1}.Release|Any CPU.ActiveCfg = Release|Any CPU
		{6EF53D8B-663D-4E86-93E5-3F3194CEAFF1}.Release|Any CPU.Build.0 = Release|Any CPU
		{6EF53D8B-663D-4E86-93E5-3F3194CEAFF1}.Test|Any CPU.ActiveCfg = Release|Any CPU
		{6EF53D8B-663D-4E86-93E5-3F3194CEAFF1}.Test|Any CPU.Build.0 = Release|Any CPU
		{B9113694-7226-4152-938D-3172B11571A1}.Debug|Any CPU.ActiveCfg = Debug|Any CPU
		{B9113694-7226-4152-938D-3172B11571A1}.Debug|Any CPU.Build.0 = Debug|Any CPU
		{B9113694-7226-4152-938D-3172B11571A1}.Release|Any CPU.ActiveCfg = Release|Any CPU
		{B9113694-7226-4152-938D-3172B11571A1}.Release|Any CPU.Build.0 = Release|Any CPU
		{B9113694-7226-4152-938D-3172B11571A1}.Test|Any CPU.ActiveCfg = Debug|Any CPU
		{B9113694-7226-4152-938D-3172B11571A1}.Test|Any CPU.Build.0 = Debug|Any CPU
		{A24F4D38-BA9C-4FD6-95B7-4980DE36131A}.Debug|Any CPU.ActiveCfg = Debug|Any CPU
		{A24F4D38-BA9C-4FD6-95B7-4980DE36131A}.Debug|Any CPU.Build.0 = Debug|Any CPU
		{A24F4D38-BA9C-4FD6-95B7-4980DE36131A}.Release|Any CPU.ActiveCfg = Release|Any CPU
		{A24F4D38-BA9C-4FD6-95B7-4980DE36131A}.Release|Any CPU.Build.0 = Release|Any CPU
		{A24F4D38-BA9C-4FD6-95B7-4980DE36131A}.Test|Any CPU.ActiveCfg = Debug|Any CPU
		{A24F4D38-BA9C-4FD6-95B7-4980DE36131A}.Test|Any CPU.Build.0 = Debug|Any CPU
		{BDBB6CE9-C3CE-49C1-A05E-2D7628430A02}.Debug|Any CPU.ActiveCfg = Debug|Any CPU
		{BDBB6CE9-C3CE-49C1-A05E-2D7628430A02}.Debug|Any CPU.Build.0 = Debug|Any CPU
		{BDBB6CE9-C3CE-49C1-A05E-2D7628430A02}.Release|Any CPU.ActiveCfg = Release|Any CPU
		{BDBB6CE9-C3CE-49C1-A05E-2D7628430A02}.Test|Any CPU.ActiveCfg = Debug|Any CPU
		{BDBB6CE9-C3CE-49C1-A05E-2D7628430A02}.Test|Any CPU.Build.0 = Debug|Any CPU
		{40B77789-EA11-4C05-8F52-86711D7BCAAF}.Debug|Any CPU.ActiveCfg = Debug|Any CPU
		{40B77789-EA11-4C05-8F52-86711D7BCAAF}.Debug|Any CPU.Build.0 = Debug|Any CPU
		{40B77789-EA11-4C05-8F52-86711D7BCAAF}.Release|Any CPU.ActiveCfg = Release|Any CPU
		{40B77789-EA11-4C05-8F52-86711D7BCAAF}.Release|Any CPU.Build.0 = Release|Any CPU
		{40B77789-EA11-4C05-8F52-86711D7BCAAF}.Test|Any CPU.ActiveCfg = Debug|Any CPU
		{40B77789-EA11-4C05-8F52-86711D7BCAAF}.Test|Any CPU.Build.0 = Debug|Any CPU
		{153FEF72-191C-43D9-BE71-2B351C7AC760}.Debug|Any CPU.ActiveCfg = Debug|Any CPU
		{153FEF72-191C-43D9-BE71-2B351C7AC760}.Debug|Any CPU.Build.0 = Debug|Any CPU
		{153FEF72-191C-43D9-BE71-2B351C7AC760}.Release|Any CPU.ActiveCfg = Release|Any CPU
		{153FEF72-191C-43D9-BE71-2B351C7AC760}.Release|Any CPU.Build.0 = Release|Any CPU
		{153FEF72-191C-43D9-BE71-2B351C7AC760}.Test|Any CPU.ActiveCfg = Debug|Any CPU
		{153FEF72-191C-43D9-BE71-2B351C7AC760}.Test|Any CPU.Build.0 = Debug|Any CPU
		{01987BAC-C498-44DD-B274-62EA2506B51D}.Debug|Any CPU.ActiveCfg = Debug|Any CPU
		{01987BAC-C498-44DD-B274-62EA2506B51D}.Debug|Any CPU.Build.0 = Debug|Any CPU
		{01987BAC-C498-44DD-B274-62EA2506B51D}.Release|Any CPU.ActiveCfg = Release|Any CPU
		{01987BAC-C498-44DD-B274-62EA2506B51D}.Release|Any CPU.Build.0 = Release|Any CPU
		{01987BAC-C498-44DD-B274-62EA2506B51D}.Test|Any CPU.ActiveCfg = Debug|Any CPU
		{01987BAC-C498-44DD-B274-62EA2506B51D}.Test|Any CPU.Build.0 = Debug|Any CPU
		{55BAA051-CE62-4D4A-81B6-68B042CC78E9}.Debug|Any CPU.ActiveCfg = Debug|Any CPU
		{55BAA051-CE62-4D4A-81B6-68B042CC78E9}.Debug|Any CPU.Build.0 = Debug|Any CPU
		{55BAA051-CE62-4D4A-81B6-68B042CC78E9}.Release|Any CPU.ActiveCfg = Release|Any CPU
		{55BAA051-CE62-4D4A-81B6-68B042CC78E9}.Release|Any CPU.Build.0 = Release|Any CPU
		{55BAA051-CE62-4D4A-81B6-68B042CC78E9}.Test|Any CPU.ActiveCfg = Debug|Any CPU
		{55BAA051-CE62-4D4A-81B6-68B042CC78E9}.Test|Any CPU.Build.0 = Debug|Any CPU
		{49BA8E71-4F97-40D6-BBE7-22B71D222486}.Debug|Any CPU.ActiveCfg = Debug|Any CPU
		{49BA8E71-4F97-40D6-BBE7-22B71D222486}.Debug|Any CPU.Build.0 = Debug|Any CPU
		{49BA8E71-4F97-40D6-BBE7-22B71D222486}.Release|Any CPU.ActiveCfg = Release|Any CPU
		{49BA8E71-4F97-40D6-BBE7-22B71D222486}.Release|Any CPU.Build.0 = Release|Any CPU
		{49BA8E71-4F97-40D6-BBE7-22B71D222486}.Test|Any CPU.ActiveCfg = Release|Any CPU
		{49BA8E71-4F97-40D6-BBE7-22B71D222486}.Test|Any CPU.Build.0 = Release|Any CPU
		{88C9312E-7520-4F6B-BF25-30DA5990D270}.Debug|Any CPU.ActiveCfg = Debug|Any CPU
		{88C9312E-7520-4F6B-BF25-30DA5990D270}.Debug|Any CPU.Build.0 = Debug|Any CPU
		{88C9312E-7520-4F6B-BF25-30DA5990D270}.Release|Any CPU.ActiveCfg = Release|Any CPU
		{88C9312E-7520-4F6B-BF25-30DA5990D270}.Release|Any CPU.Build.0 = Release|Any CPU
		{88C9312E-7520-4F6B-BF25-30DA5990D270}.Test|Any CPU.ActiveCfg = Release|Any CPU
		{88C9312E-7520-4F6B-BF25-30DA5990D270}.Test|Any CPU.Build.0 = Release|Any CPU
		{1BC7E184-8225-425A-900E-9FEA38865E20}.Debug|Any CPU.ActiveCfg = Debug|Any CPU
		{1BC7E184-8225-425A-900E-9FEA38865E20}.Debug|Any CPU.Build.0 = Debug|Any CPU
		{1BC7E184-8225-425A-900E-9FEA38865E20}.Release|Any CPU.ActiveCfg = Release|Any CPU
		{1BC7E184-8225-425A-900E-9FEA38865E20}.Release|Any CPU.Build.0 = Release|Any CPU
		{1BC7E184-8225-425A-900E-9FEA38865E20}.Test|Any CPU.ActiveCfg = Release|Any CPU
		{1BC7E184-8225-425A-900E-9FEA38865E20}.Test|Any CPU.Build.0 = Release|Any CPU
		{D9A94B6C-7A16-4472-916C-AF2CD1B1F226}.Debug|Any CPU.ActiveCfg = Debug|Any CPU
		{D9A94B6C-7A16-4472-916C-AF2CD1B1F226}.Debug|Any CPU.Build.0 = Debug|Any CPU
		{D9A94B6C-7A16-4472-916C-AF2CD1B1F226}.Release|Any CPU.ActiveCfg = Release|Any CPU
		{D9A94B6C-7A16-4472-916C-AF2CD1B1F226}.Release|Any CPU.Build.0 = Release|Any CPU
		{D9A94B6C-7A16-4472-916C-AF2CD1B1F226}.Test|Any CPU.ActiveCfg = Release|Any CPU
		{D9A94B6C-7A16-4472-916C-AF2CD1B1F226}.Test|Any CPU.Build.0 = Release|Any CPU
		{00BD38B0-9D33-4E65-9B86-01576FD8B778}.Debug|Any CPU.ActiveCfg = Debug|Any CPU
		{00BD38B0-9D33-4E65-9B86-01576FD8B778}.Debug|Any CPU.Build.0 = Debug|Any CPU
		{00BD38B0-9D33-4E65-9B86-01576FD8B778}.Release|Any CPU.ActiveCfg = Release|Any CPU
		{00BD38B0-9D33-4E65-9B86-01576FD8B778}.Release|Any CPU.Build.0 = Release|Any CPU
		{00BD38B0-9D33-4E65-9B86-01576FD8B778}.Test|Any CPU.ActiveCfg = Release|Any CPU
		{00BD38B0-9D33-4E65-9B86-01576FD8B778}.Test|Any CPU.Build.0 = Release|Any CPU
		{87FA4C97-A768-463B-B1D1-317A07C5FACE}.Debug|Any CPU.ActiveCfg = Debug|Any CPU
		{87FA4C97-A768-463B-B1D1-317A07C5FACE}.Debug|Any CPU.Build.0 = Debug|Any CPU
		{87FA4C97-A768-463B-B1D1-317A07C5FACE}.Release|Any CPU.ActiveCfg = Release|Any CPU
		{87FA4C97-A768-463B-B1D1-317A07C5FACE}.Release|Any CPU.Build.0 = Release|Any CPU
		{87FA4C97-A768-463B-B1D1-317A07C5FACE}.Test|Any CPU.ActiveCfg = Release|Any CPU
		{87FA4C97-A768-463B-B1D1-317A07C5FACE}.Test|Any CPU.Build.0 = Release|Any CPU
		{D3EE24A1-3C35-40A5-BF85-614F6B6F1766}.Debug|Any CPU.ActiveCfg = Debug|Any CPU
		{D3EE24A1-3C35-40A5-BF85-614F6B6F1766}.Debug|Any CPU.Build.0 = Debug|Any CPU
		{D3EE24A1-3C35-40A5-BF85-614F6B6F1766}.Release|Any CPU.ActiveCfg = Release|Any CPU
		{D3EE24A1-3C35-40A5-BF85-614F6B6F1766}.Release|Any CPU.Build.0 = Release|Any CPU
		{D3EE24A1-3C35-40A5-BF85-614F6B6F1766}.Test|Any CPU.ActiveCfg = Release|Any CPU
		{D3EE24A1-3C35-40A5-BF85-614F6B6F1766}.Test|Any CPU.Build.0 = Release|Any CPU
		{E4279FD8-4557-498F-B869-4EABBA8D3BE0}.Debug|Any CPU.ActiveCfg = Debug|Any CPU
		{E4279FD8-4557-498F-B869-4EABBA8D3BE0}.Debug|Any CPU.Build.0 = Debug|Any CPU
		{E4279FD8-4557-498F-B869-4EABBA8D3BE0}.Release|Any CPU.ActiveCfg = Release|Any CPU
		{E4279FD8-4557-498F-B869-4EABBA8D3BE0}.Release|Any CPU.Build.0 = Release|Any CPU
		{E4279FD8-4557-498F-B869-4EABBA8D3BE0}.Test|Any CPU.ActiveCfg = Release|Any CPU
		{E4279FD8-4557-498F-B869-4EABBA8D3BE0}.Test|Any CPU.Build.0 = Release|Any CPU
		{17D4C54B-7361-4A8E-B5E2-4B735EFDFB01}.Debug|Any CPU.ActiveCfg = Debug|Any CPU
		{17D4C54B-7361-4A8E-B5E2-4B735EFDFB01}.Debug|Any CPU.Build.0 = Debug|Any CPU
		{17D4C54B-7361-4A8E-B5E2-4B735EFDFB01}.Release|Any CPU.ActiveCfg = Release|Any CPU
		{17D4C54B-7361-4A8E-B5E2-4B735EFDFB01}.Release|Any CPU.Build.0 = Release|Any CPU
		{17D4C54B-7361-4A8E-B5E2-4B735EFDFB01}.Test|Any CPU.ActiveCfg = Release|Any CPU
		{17D4C54B-7361-4A8E-B5E2-4B735EFDFB01}.Test|Any CPU.Build.0 = Release|Any CPU
	EndGlobalSection
	GlobalSection(SolutionProperties) = preSolution
		HideSolutionNode = FALSE
	EndGlobalSection
	GlobalSection(NestedProjects) = preSolution
		{207F349A-2659-4CA1-BE21-82F370BB8358} = {5F5A0C9A-BC62-4995-BF51-1D90BA523530}
		{C4E5038D-F0A0-479C-B67D-A9B009222F67} = {14AE0428-BA74-439D-88AC-37436A10E56F}
		{B7F9B983-081A-4008-8B1B-679EF01108B5} = {14AE0428-BA74-439D-88AC-37436A10E56F}
		{0A464AE1-9273-44FA-94E3-DB12EEFC98A4} = {DA941410-E29D-472B-AB4D-D31B97AE7CE4}
		{AB62C5F4-129E-483A-A194-5C3C67E859AD} = {14AE0428-BA74-439D-88AC-37436A10E56F}
		{0AF92235-54B0-46B0-9F7C-E753DAA58A38} = {DA941410-E29D-472B-AB4D-D31B97AE7CE4}
		{7A04DA80-47C9-419C-800C-980B45E955CD} = {49126830-5A85-4E5C-9322-D832A1FFE4B1}
		{91EA0D0B-D3BA-497F-AFEB-2CAD59DEBA0E} = {49126830-5A85-4E5C-9322-D832A1FFE4B1}
		{6EF53D8B-663D-4E86-93E5-3F3194CEAFF1} = {6ADFA51F-15B7-45C0-A374-4145DB44675A}
		{303FC481-1169-40D0-B328-F66B130E2AEB} = {49126830-5A85-4E5C-9322-D832A1FFE4B1}
		{B9113694-7226-4152-938D-3172B11571A1} = {303FC481-1169-40D0-B328-F66B130E2AEB}
		{A24F4D38-BA9C-4FD6-95B7-4980DE36131A} = {303FC481-1169-40D0-B328-F66B130E2AEB}
		{BDBB6CE9-C3CE-49C1-A05E-2D7628430A02} = {303FC481-1169-40D0-B328-F66B130E2AEB}
		{40B77789-EA11-4C05-8F52-86711D7BCAAF} = {303FC481-1169-40D0-B328-F66B130E2AEB}
		{153FEF72-191C-43D9-BE71-2B351C7AC760} = {303FC481-1169-40D0-B328-F66B130E2AEB}
		{BEAF6CBD-16DD-456B-A889-421E0DFAB783} = {303FC481-1169-40D0-B328-F66B130E2AEB}
		{FC181BA8-9DE5-444C-899F-9C554BC65629} = {BEAF6CBD-16DD-456B-A889-421E0DFAB783}
		{ACCCC9EB-6386-44DC-8147-D69751FC6D93} = {BEAF6CBD-16DD-456B-A889-421E0DFAB783}
		{01987BAC-C498-44DD-B274-62EA2506B51D} = {303FC481-1169-40D0-B328-F66B130E2AEB}
		{55BAA051-CE62-4D4A-81B6-68B042CC78E9} = {303FC481-1169-40D0-B328-F66B130E2AEB}
		{49BA8E71-4F97-40D6-BBE7-22B71D222486} = {303FC481-1169-40D0-B328-F66B130E2AEB}
		{88C9312E-7520-4F6B-BF25-30DA5990D270} = {303FC481-1169-40D0-B328-F66B130E2AEB}
		{4B8818A1-C609-4045-9352-21B1C2599972} = {49126830-5A85-4E5C-9322-D832A1FFE4B1}
		{1BC7E184-8225-425A-900E-9FEA38865E20} = {4B8818A1-C609-4045-9352-21B1C2599972}
		{D9A94B6C-7A16-4472-916C-AF2CD1B1F226} = {4B8818A1-C609-4045-9352-21B1C2599972}
		{00BD38B0-9D33-4E65-9B86-01576FD8B778} = {4B8818A1-C609-4045-9352-21B1C2599972}
		{87FA4C97-A768-463B-B1D1-317A07C5FACE} = {4B8818A1-C609-4045-9352-21B1C2599972}
		{D3EE24A1-3C35-40A5-BF85-614F6B6F1766} = {DA941410-E29D-472B-AB4D-D31B97AE7CE4}
		{E4279FD8-4557-498F-B869-4EABBA8D3BE0} = {DA941410-E29D-472B-AB4D-D31B97AE7CE4}
		{17D4C54B-7361-4A8E-B5E2-4B735EFDFB01} = {DA941410-E29D-472B-AB4D-D31B97AE7CE4}
	EndGlobalSection
EndGlobal
